<?xml version="1.0" encoding="utf-8"?>
<Project ToolsVersion="4.0" xmlns="http://schemas.microsoft.com/developer/msbuild/2003">
  <ItemGroup>
    <ClCompile Include="Source\Private\Logger.cpp" />
    <ClCompile Include="Source\Private\RenderEngine.cpp" />
    <ClCompile Include="Source\Private\FVector.cpp" />
    <ClCompile Include="Source\Private\Scene.cpp" />
    <ClCompile Include="Source\Private\Init.cpp" />
    <ClCompile Include="Source\Private\GameEntity.cpp" />
    <ClCompile Include="Source\Private\AssetManager.cpp" />
    <ClCompile Include="Source\Private\Asset.cpp" />
    <ClCompile Include="Source\Private\Image.cpp" />
    <ClCompile Include="Source\Private\Renderable.cpp" />
    <ClCompile Include="Source\Private\Sprite.cpp" />
    <ClCompile Include="Source\Private\Text.cpp" />
    <ClCompile Include="Source\Private\TextureAsset.cpp" />
    <ClCompile Include="Source\Private\SurfaceAsset.cpp" />
    <ClCompile Include="Source\Public\RectAnchor.h" />
  </ItemGroup>
  <ItemGroup>
<<<<<<< HEAD
    <ClInclude Include="Source\Public\Logger.h" />
    <ClInclude Include="Source\Public\RenderEngine.h" />
    <ClInclude Include="Source\Public\FVector.h" />
    <ClInclude Include="Source\Public\Scene.h" />
    <ClInclude Include="Source\Public\Init.h" />
    <ClInclude Include="Source\Public\CreatineEngineCore.h" />
    <ClInclude Include="Source\Public\GameEntity.h" />
    <ClInclude Include="Source\Public\ImageAssetCPU.h" />
    <ClInclude Include="Source\Public\ImageAssetGPU.h" />
    <ClInclude Include="Source\Public\AssetManager.h" />
    <ClInclude Include="Source\Public\Asset.h" />
    <ClInclude Include="Source\Public\Image.h" />
    <ClInclude Include="Source\Public\MathConstants.h" />
    <ClInclude Include="Source\Public\Renderable.h" />
    <ClInclude Include="Source\Public\Sprite.h" />
    <ClInclude Include="Source\Public\Text.h" />
    <ClInclude Include="Source\Public\Surface.h" />
    <ClInclude Include="Source\Public\TextureAsset.h" />
    <ClInclude Include="Source\Public\SurfaceAsset.h" />
=======
    <ClCompile Include="Source\Private\SpriteTexture.cpp">
      <Filter>Source Files</Filter>
    </ClCompile>
    <ClCompile Include="Source\Private\Renderable.cpp">
      <Filter>Source Files</Filter>
    </ClCompile>
    <ClCompile Include="Source\Private\AssetLoader.cpp">
      <Filter>Source Files</Filter>
    </ClCompile>
    <ClCompile Include="Source\Private\AssetManager.cpp">
      <Filter>Source Files</Filter>
    </ClCompile>
    <ClCompile Include="Source\Private\ImageLoader.cpp">
      <Filter>Source Files</Filter>
    </ClCompile>
    <ClCompile Include="Source\Private\GameEntity.cpp">
      <Filter>Source Files</Filter>
    </ClCompile>
    <ClCompile Include="Source\Private\Init.cpp">
      <Filter>Source Files</Filter>
    </ClCompile>
    <ClCompile Include="Source\Private\Scene.cpp">
      <Filter>Source Files</Filter>
    </ClCompile>
    <ClCompile Include="Source\Public\RectAnchor.h">
      <Filter>Source Files</Filter>
    </ClCompile>
    <ClCompile Include="Source\Private\FVector.cpp">
      <Filter>Source Files</Filter>
    </ClCompile>
    <ClCompile Include="Source\Private\RenderEngine.cpp">
      <Filter>Source Files</Filter>
    </ClCompile>
    <ClCompile Include="Source\Private\TimingManager.cpp">
      <Filter>Source Files</Filter>
    </ClCompile>
    <ClCompile Include="Source\Private\Logger.cpp">
      <Filter>Source Files</Filter>
    </ClCompile>
    <ClCompile Include="Source\Private\Texture.cpp">
      <Filter>Source Files</Filter>
    </ClCompile>
    <ClCompile Include="Source\Private\Surface.cpp">
      <Filter>Source Files</Filter>
    </ClCompile>
    <ClCompile Include="Source\Private\TextureRotatable.cpp">
      <Filter>Source Files</Filter>
    </ClCompile>
    <ClCompile Include="Source\Private\SpriteTextureRotatable.cpp">
      <Filter>Source Files</Filter>
    </ClCompile>
  </ItemGroup>
  <ItemGroup>
    <ClInclude Include="Source\Public\SpriteTexture.h">
      <Filter>Header Files</Filter>
    </ClInclude>
    <ClInclude Include="Source\Public\Renderable.h">
      <Filter>Header Files</Filter>
    </ClInclude>
    <ClInclude Include="Source\Public\AssetLoader.h">
      <Filter>Header Files</Filter>
    </ClInclude>
    <ClInclude Include="Source\Public\AssetManager.h">
      <Filter>Header Files</Filter>
    </ClInclude>
    <ClInclude Include="Source\Public\ImageLoader.h">
      <Filter>Header Files</Filter>
    </ClInclude>
    <ClInclude Include="Source\Public\GameEntity.h">
      <Filter>Header Files</Filter>
    </ClInclude>
    <ClInclude Include="Source\Public\MathConstants.h">
      <Filter>Header Files</Filter>
    </ClInclude>
    <ClInclude Include="Source\Public\CreatineEngineCore.h">
      <Filter>Header Files</Filter>
    </ClInclude>
    <ClInclude Include="Source\Public\Init.h">
      <Filter>Header Files</Filter>
    </ClInclude>
    <ClInclude Include="Source\Public\Scene.h">
      <Filter>Header Files</Filter>
    </ClInclude>
    <ClInclude Include="Source\Public\FVector.h">
      <Filter>Header Files</Filter>
    </ClInclude>
    <ClInclude Include="Source\Public\RenderEngine.h">
      <Filter>Header Files</Filter>
    </ClInclude>
    <ClInclude Include="Source\Public\TimingManager.h">
      <Filter>Header Files</Filter>
    </ClInclude>
    <ClInclude Include="Source\Public\Logger.h">
      <Filter>Header Files</Filter>
    </ClInclude>
    <ClInclude Include="Source\Public\Texture.h">
      <Filter>Header Files</Filter>
    </ClInclude>
    <ClInclude Include="Source\Public\Surface.h">
      <Filter>Header Files</Filter>
    </ClInclude>
    <ClInclude Include="Source\Public\TextureRotatable.h">
      <Filter>Header Files</Filter>
    </ClInclude>
    <ClInclude Include="Source\Public\SpriteTextureRotatable.h">
      <Filter>Header Files</Filter>
    </ClInclude>
>>>>>>> feature/base-class-design
  </ItemGroup>
</Project>